
Microsoft Visual Studio Solution File, Format Version 12.00
# Visual Studio 2013
VisualStudioVersion = 12.0.21005.1
MinimumVisualStudioVersion = 10.0.40219.1
Project("{FAE04EC0-301F-11D3-BF4B-00C04F79EFBC}") = "XLPluginManager", "XLPluginManager\XLPluginManager.csproj", "{827DEA9A-0393-4F72-AB1D-252D1614BFF8}"
EndProject
Project("{FAE04EC0-301F-11D3-BF4B-00C04F79EFBC}") = "Demo", "Demo\Demo.csproj", "{15F53714-4D2B-42EC-A8D8-9784958E2712}"
EndProject
Project("{FAE04EC0-301F-11D3-BF4B-00C04F79EFBC}") = "XLPluginInterface", "XLPluginInterface\XLPluginInterface.csproj", "{746FD434-2C94-43E8-AEEB-E80EE626B825}"
EndProject
Project("{FAE04EC0-301F-11D3-BF4B-00C04F79EFBC}") = "TimingService", "TimingService\TimingService.csproj", "{3FDE004F-C35C-41A9-85DE-F54835F56E0E}"
	ProjectSection(ProjectDependencies) = postProject
		{746FD434-2C94-43E8-AEEB-E80EE626B825} = {746FD434-2C94-43E8-AEEB-E80EE626B825}
		{827DEA9A-0393-4F72-AB1D-252D1614BFF8} = {827DEA9A-0393-4F72-AB1D-252D1614BFF8}
	EndProjectSection
EndProject
Project("{FAE04EC0-301F-11D3-BF4B-00C04F79EFBC}") = "XLPluginSummary", "XLPluginSummary\XLPluginSummary.csproj", "{0DC6C0C0-CB36-4CC5-942F-B123CA33D5B5}"
EndProject
Global
	GlobalSection(SolutionConfigurationPlatforms) = preSolution
		Debug|Any CPU = Debug|Any CPU
		Release|Any CPU = Release|Any CPU
	EndGlobalSection
	GlobalSection(ProjectConfigurationPlatforms) = postSolution
		{827DEA9A-0393-4F72-AB1D-252D1614BFF8}.Debug|Any CPU.ActiveCfg = Debug|Any CPU
		{827DEA9A-0393-4F72-AB1D-252D1614BFF8}.Debug|Any CPU.Build.0 = Debug|Any CPU
		{827DEA9A-0393-4F72-AB1D-252D1614BFF8}.Release|Any CPU.ActiveCfg = Release|Any CPU
		{827DEA9A-0393-4F72-AB1D-252D1614BFF8}.Release|Any CPU.Build.0 = Release|Any CPU
		{15F53714-4D2B-42EC-A8D8-9784958E2712}.Debug|Any CPU.ActiveCfg = Debug|Any CPU
		{15F53714-4D2B-42EC-A8D8-9784958E2712}.Debug|Any CPU.Build.0 = Debug|Any CPU
		{15F53714-4D2B-42EC-A8D8-9784958E2712}.Release|Any CPU.ActiveCfg = Release|Any CPU
		{15F53714-4D2B-42EC-A8D8-9784958E2712}.Release|Any CPU.Build.0 = Release|Any CPU
		{746FD434-2C94-43E8-AEEB-E80EE626B825}.Debug|Any CPU.ActiveCfg = Debug|Any CPU
		{746FD434-2C94-43E8-AEEB-E80EE626B825}.Debug|Any CPU.Build.0 = Debug|Any CPU
		{746FD434-2C94-43E8-AEEB-E80EE626B825}.Release|Any CPU.ActiveCfg = Release|Any CPU
		{746FD434-2C94-43E8-AEEB-E80EE626B825}.Release|Any CPU.Build.0 = Release|Any CPU
		{3FDE004F-C35C-41A9-85DE-F54835F56E0E}.Debug|Any CPU.ActiveCfg = Debug|Any CPU
		{3FDE004F-C35C-41A9-85DE-F54835F56E0E}.Debug|Any CPU.Build.0 = Debug|Any CPU
		{3FDE004F-C35C-41A9-85DE-F54835F56E0E}.Release|Any CPU.ActiveCfg = Release|Any CPU
		{3FDE004F-C35C-41A9-85DE-F54835F56E0E}.Release|Any CPU.Build.0 = Release|Any CPU
		{0DC6C0C0-CB36-4CC5-942F-B123CA33D5B5}.Debug|Any CPU.ActiveCfg = Debug|Any CPU
		{0DC6C0C0-CB36-4CC5-942F-B123CA33D5B5}.Debug|Any CPU.Build.0 = Debug|Any CPU
		{0DC6C0C0-CB36-4CC5-942F-B123CA33D5B5}.Release|Any CPU.ActiveCfg = Release|Any CPU
		{0DC6C0C0-CB36-4CC5-942F-B123CA33D5B5}.Release|Any CPU.Build.0 = Release|Any CPU
	EndGlobalSection
	GlobalSection(SolutionProperties) = preSolution
		HideSolutionNode = FALSE
	EndGlobalSection
EndGlobal
